// !$*UTF8*$!
{
	archiveVersion = 1;
	classes = {
	};
	objectVersion = 46;
	objects = {

/* Begin PBXBuildFile section */
		E50F564D1F0BD6E0008B03D4 /* AppDelegate.swift in Sources */ = {isa = PBXBuildFile; fileRef = E50F564C1F0BD6E0008B03D4 /* AppDelegate.swift */; };
		E50F56521F0BD6E0008B03D4 /* Main.storyboard in Resources */ = {isa = PBXBuildFile; fileRef = E50F56501F0BD6E0008B03D4 /* Main.storyboard */; };
		E50F56541F0BD6E0008B03D4 /* Assets.xcassets in Resources */ = {isa = PBXBuildFile; fileRef = E50F56531F0BD6E0008B03D4 /* Assets.xcassets */; };
		E50F56571F0BD6E0008B03D4 /* LaunchScreen.storyboard in Resources */ = {isa = PBXBuildFile; fileRef = E50F56551F0BD6E0008B03D4 /* LaunchScreen.storyboard */; };
		E517BA571F174B870054DD16 /* DetailsViewController.swift in Sources */ = {isa = PBXBuildFile; fileRef = E517BA561F174B870054DD16 /* DetailsViewController.swift */; };
		E517BA591F17918E0054DD16 /* ResourceTypeModel.swift in Sources */ = {isa = PBXBuildFile; fileRef = E517BA581F17918E0054DD16 /* ResourceTypeModel.swift */; };
		E517BA5B1F1796C90054DD16 /* ResourcesViewController.swift in Sources */ = {isa = PBXBuildFile; fileRef = E517BA5A1F1796C90054DD16 /* ResourcesViewController.swift */; };
		E5374BB91F18C0DE003F4369 /* BookPeriodViewController.swift in Sources */ = {isa = PBXBuildFile; fileRef = E5374BB81F18C0DE003F4369 /* BookPeriodViewController.swift */; };
		E5374BBB1F18E6B5003F4369 /* CheckAvailableModel.swift in Sources */ = {isa = PBXBuildFile; fileRef = E5374BBA1F18E6B5003F4369 /* CheckAvailableModel.swift */; };
		E5374BBD1F1923BB003F4369 /* ConfirmBookingViewController.swift in Sources */ = {isa = PBXBuildFile; fileRef = E5374BBC1F1923BB003F4369 /* ConfirmBookingViewController.swift */; };
		E5374BBF1F1932C4003F4369 /* BookResourceModel.swift in Sources */ = {isa = PBXBuildFile; fileRef = E5374BBE1F1932C4003F4369 /* BookResourceModel.swift */; };
		E5374BC11F198BBB003F4369 /* CheckBookedModel.swift in Sources */ = {isa = PBXBuildFile; fileRef = E5374BC01F198BBB003F4369 /* CheckBookedModel.swift */; };
		E551B5E91F14662500697904 /* MainMenuController.swift in Sources */ = {isa = PBXBuildFile; fileRef = E551B5E81F14662500697904 /* MainMenuController.swift */; };
		E5BBF8A51F165AEA0075D95F /* MoreController.swift in Sources */ = {isa = PBXBuildFile; fileRef = E5BBF8A41F165AEA0075D95F /* MoreController.swift */; };
		E5BBF8A71F1674010075D95F /* ContactModel.swift in Sources */ = {isa = PBXBuildFile; fileRef = E5BBF8A61F1674010075D95F /* ContactModel.swift */; };
		E5BBF8A91F1674250075D95F /* LoginModel.swift in Sources */ = {isa = PBXBuildFile; fileRef = E5BBF8A81F1674250075D95F /* LoginModel.swift */; };
		E5E1C67F1F0C92F20056E3E6 /* LoginViewController.swift in Sources */ = {isa = PBXBuildFile; fileRef = E5E1C67E1F0C92F20056E3E6 /* LoginViewController.swift */; };
/* End PBXBuildFile section */

/* Begin PBXFileReference section */
		E50F56491F0BD6E0008B03D4 /* CXAHotDesk.app */ = {isa = PBXFileReference; explicitFileType = wrapper.application; includeInIndex = 0; path = CXAHotDesk.app; sourceTree = BUILT_PRODUCTS_DIR; };
		E50F564C1F0BD6E0008B03D4 /* AppDelegate.swift */ = {isa = PBXFileReference; lastKnownFileType = sourcecode.swift; path = AppDelegate.swift; sourceTree = "<group>"; };
		E50F56511F0BD6E0008B03D4 /* Base */ = {isa = PBXFileReference; lastKnownFileType = file.storyboard; name = Base; path = Base.lproj/Main.storyboard; sourceTree = "<group>"; };
		E50F56531F0BD6E0008B03D4 /* Assets.xcassets */ = {isa = PBXFileReference; lastKnownFileType = folder.assetcatalog; path = Assets.xcassets; sourceTree = "<group>"; };
		E50F56561F0BD6E0008B03D4 /* Base */ = {isa = PBXFileReference; lastKnownFileType = file.storyboard; name = Base; path = Base.lproj/LaunchScreen.storyboard; sourceTree = "<group>"; };
		E50F56581F0BD6E0008B03D4 /* Info.plist */ = {isa = PBXFileReference; lastKnownFileType = text.plist.xml; path = Info.plist; sourceTree = "<group>"; };
		E517BA561F174B870054DD16 /* DetailsViewController.swift */ = {isa = PBXFileReference; fileEncoding = 4; lastKnownFileType = sourcecode.swift; path = DetailsViewController.swift; sourceTree = "<group>"; };
		E517BA581F17918E0054DD16 /* ResourceTypeModel.swift */ = {isa = PBXFileReference; fileEncoding = 4; lastKnownFileType = sourcecode.swift; path = ResourceTypeModel.swift; sourceTree = "<group>"; };
		E517BA5A1F1796C90054DD16 /* ResourcesViewController.swift */ = {isa = PBXFileReference; fileEncoding = 4; lastKnownFileType = sourcecode.swift; path = ResourcesViewController.swift; sourceTree = "<group>"; };
		E5374BB81F18C0DE003F4369 /* BookPeriodViewController.swift */ = {isa = PBXFileReference; fileEncoding = 4; lastKnownFileType = sourcecode.swift; path = BookPeriodViewController.swift; sourceTree = "<group>"; };
		E5374BBA1F18E6B5003F4369 /* CheckAvailableModel.swift */ = {isa = PBXFileReference; fileEncoding = 4; lastKnownFileType = sourcecode.swift; path = CheckAvailableModel.swift; sourceTree = "<group>"; };
		E5374BBC1F1923BB003F4369 /* ConfirmBookingViewController.swift */ = {isa = PBXFileReference; fileEncoding = 4; lastKnownFileType = sourcecode.swift; path = ConfirmBookingViewController.swift; sourceTree = "<group>"; };
		E5374BBE1F1932C4003F4369 /* BookResourceModel.swift */ = {isa = PBXFileReference; fileEncoding = 4; lastKnownFileType = sourcecode.swift; path = BookResourceModel.swift; sourceTree = "<group>"; };
		E5374BC01F198BBB003F4369 /* CheckBookedModel.swift */ = {isa = PBXFileReference; fileEncoding = 4; lastKnownFileType = sourcecode.swift; path = CheckBookedModel.swift; sourceTree = "<group>"; };
		E551B5E81F14662500697904 /* MainMenuController.swift */ = {isa = PBXFileReference; fileEncoding = 4; lastKnownFileType = sourcecode.swift; path = MainMenuController.swift; sourceTree = "<group>"; };
		E5BBF8A41F165AEA0075D95F /* MoreController.swift */ = {isa = PBXFileReference; fileEncoding = 4; lastKnownFileType = sourcecode.swift; path = MoreController.swift; sourceTree = "<group>"; };
		E5BBF8A61F1674010075D95F /* ContactModel.swift */ = {isa = PBXFileReference; fileEncoding = 4; lastKnownFileType = sourcecode.swift; path = ContactModel.swift; sourceTree = "<group>"; };
		E5BBF8A81F1674250075D95F /* LoginModel.swift */ = {isa = PBXFileReference; fileEncoding = 4; lastKnownFileType = sourcecode.swift; path = LoginModel.swift; sourceTree = "<group>"; };
		E5E1C67E1F0C92F20056E3E6 /* LoginViewController.swift */ = {isa = PBXFileReference; fileEncoding = 4; lastKnownFileType = sourcecode.swift; path = LoginViewController.swift; sourceTree = "<group>"; };
/* End PBXFileReference section */

/* Begin PBXFrameworksBuildPhase section */
		E50F56461F0BD6E0008B03D4 /* Frameworks */ = {
			isa = PBXFrameworksBuildPhase;
			buildActionMask = 2147483647;
			files = (
			);
			runOnlyForDeploymentPostprocessing = 0;
		};
/* End PBXFrameworksBuildPhase section */

/* Begin PBXGroup section */
		E50F56401F0BD6E0008B03D4 = {
			isa = PBXGroup;
			children = (
				E50F564B1F0BD6E0008B03D4 /* CXAHotDesk */,
				E50F564A1F0BD6E0008B03D4 /* Products */,
			);
			sourceTree = "<group>";
		};
		E50F564A1F0BD6E0008B03D4 /* Products */ = {
			isa = PBXGroup;
			children = (
				E50F56491F0BD6E0008B03D4 /* CXAHotDesk.app */,
			);
			name = Products;
			sourceTree = "<group>";
		};
		E50F564B1F0BD6E0008B03D4 /* CXAHotDesk */ = {
			isa = PBXGroup;
			children = (
				E50F564C1F0BD6E0008B03D4 /* AppDelegate.swift */,
				E50F56501F0BD6E0008B03D4 /* Main.storyboard */,
				E50F56531F0BD6E0008B03D4 /* Assets.xcassets */,
				E50F56551F0BD6E0008B03D4 /* LaunchScreen.storyboard */,
				E50F56581F0BD6E0008B03D4 /* Info.plist */,
				E5E1C67E1F0C92F20056E3E6 /* LoginViewController.swift */,
				E551B5E81F14662500697904 /* MainMenuController.swift */,
				E5BBF8A41F165AEA0075D95F /* MoreController.swift */,
				E5BBF8A61F1674010075D95F /* ContactModel.swift */,
				E5BBF8A81F1674250075D95F /* LoginModel.swift */,
				E517BA561F174B870054DD16 /* DetailsViewController.swift */,
				E517BA581F17918E0054DD16 /* ResourceTypeModel.swift */,
				E517BA5A1F1796C90054DD16 /* ResourcesViewController.swift */,
				E5374BB81F18C0DE003F4369 /* BookPeriodViewController.swift */,
				E5374BBA1F18E6B5003F4369 /* CheckAvailableModel.swift */,
				E5374BBC1F1923BB003F4369 /* ConfirmBookingViewController.swift */,
				E5374BBE1F1932C4003F4369 /* BookResourceModel.swift */,
				E5374BC01F198BBB003F4369 /* CheckBookedModel.swift */,
			);
			path = CXAHotDesk;
			sourceTree = "<group>";
		};
/* End PBXGroup section */

/* Begin PBXNativeTarget section */
		E50F56481F0BD6E0008B03D4 /* CXAHotDesk */ = {
			isa = PBXNativeTarget;
			buildConfigurationList = E50F565B1F0BD6E0008B03D4 /* Build configuration list for PBXNativeTarget "CXAHotDesk" */;
			buildPhases = (
				E50F56451F0BD6E0008B03D4 /* Sources */,
				E50F56461F0BD6E0008B03D4 /* Frameworks */,
				E50F56471F0BD6E0008B03D4 /* Resources */,
			);
			buildRules = (
			);
			dependencies = (
			);
			name = CXAHotDesk;
			productName = CXAHotDesk;
			productReference = E50F56491F0BD6E0008B03D4 /* CXAHotDesk.app */;
			productType = "com.apple.product-type.application";
		};
/* End PBXNativeTarget section */

/* Begin PBXProject section */
		E50F56411F0BD6E0008B03D4 /* Project object */ = {
			isa = PBXProject;
			attributes = {
				LastSwiftUpdateCheck = 0830;
				LastUpgradeCheck = 0830;
				ORGANIZATIONNAME = Hongxuan;
				TargetAttributes = {
					E50F56481F0BD6E0008B03D4 = {
						CreatedOnToolsVersion = 8.3.2;
						DevelopmentTeam = EVC7K5F9LC;
						ProvisioningStyle = Automatic;
					};
				};
			};
			buildConfigurationList = E50F56441F0BD6E0008B03D4 /* Build configuration list for PBXProject "CXAHotDesk" */;
			compatibilityVersion = "Xcode 3.2";
			developmentRegion = English;
			hasScannedForEncodings = 0;
			knownRegions = (
				en,
				Base,
			);
			mainGroup = E50F56401F0BD6E0008B03D4;
			productRefGroup = E50F564A1F0BD6E0008B03D4 /* Products */;
			projectDirPath = "";
			projectRoot = "";
			targets = (
				E50F56481F0BD6E0008B03D4 /* CXAHotDesk */,
			);
		};
/* End PBXProject section */

/* Begin PBXResourcesBuildPhase section */
		E50F56471F0BD6E0008B03D4 /* Resources */ = {
			isa = PBXResourcesBuildPhase;
			buildActionMask = 2147483647;
			files = (
				E50F56571F0BD6E0008B03D4 /* LaunchScreen.storyboard in Resources */,
				E50F56541F0BD6E0008B03D4 /* Assets.xcassets in Resources */,
				E50F56521F0BD6E0008B03D4 /* Main.storyboard in Resources */,
			);
			runOnlyForDeploymentPostprocessing = 0;
		};
/* End PBXResourcesBuildPhase section */

/* Begin PBXSourcesBuildPhase section */
		E50F56451F0BD6E0008B03D4 /* Sources */ = {
			isa = PBXSourcesBuildPhase;
			buildActionMask = 2147483647;
			files = (
				E5E1C67F1F0C92F20056E3E6 /* LoginViewController.swift in Sources */,
				E5BBF8A91F1674250075D95F /* LoginModel.swift in Sources */,
				E50F564D1F0BD6E0008B03D4 /* AppDelegate.swift in Sources */,
				E5374BBD1F1923BB003F4369 /* ConfirmBookingViewController.swift in Sources */,
				E5374BBF1F1932C4003F4369 /* BookResourceModel.swift in Sources */,
				E5BBF8A51F165AEA0075D95F /* MoreController.swift in Sources */,
				E5374BB91F18C0DE003F4369 /* BookPeriodViewController.swift in Sources */,
				E517BA571F174B870054DD16 /* DetailsViewController.swift in Sources */,
				E517BA591F17918E0054DD16 /* ResourceTypeModel.swift in Sources */,
				E5374BBB1F18E6B5003F4369 /* CheckAvailableModel.swift in Sources */,
				E517BA5B1F1796C90054DD16 /* ResourcesViewController.swift in Sources */,
				E5BBF8A71F1674010075D95F /* ContactModel.swift in Sources */,
				E5374BC11F198BBB003F4369 /* CheckBookedModel.swift in Sources */,
				E551B5E91F14662500697904 /* MainMenuController.swift in Sources */,
			);
			runOnlyForDeploymentPostprocessing = 0;
		};
/* End PBXSourcesBuildPhase section */

/* Begin PBXVariantGroup section */
		E50F56501F0BD6E0008B03D4 /* Main.storyboard */ = {
			isa = PBXVariantGroup;
			children = (
				E50F56511F0BD6E0008B03D4 /* Base */,
			);
			name = Main.storyboard;
			sourceTree = "<group>";
		};
		E50F56551F0BD6E0008B03D4 /* LaunchScreen.storyboard */ = {
			isa = PBXVariantGroup;
			children = (
				E50F56561F0BD6E0008B03D4 /* Base */,
			);
			name = LaunchScreen.storyboard;
			sourceTree = "<group>";
		};
/* End PBXVariantGroup section */

/* Begin XCBuildConfiguration section */
		E50F56591F0BD6E0008B03D4 /* Debug */ = {
			isa = XCBuildConfiguration;
			buildSettings = {
				ALWAYS_SEARCH_USER_PATHS = NO;
				CLANG_ANALYZER_NONNULL = YES;
				CLANG_ANALYZER_NUMBER_OBJECT_CONVERSION = YES_AGGRESSIVE;
				CLANG_CXX_LANGUAGE_STANDARD = "gnu++0x";
				CLANG_CXX_LIBRARY = "libc++";
				CLANG_ENABLE_MODULES = YES;
				CLANG_ENABLE_OBJC_ARC = YES;
				CLANG_WARN_BOOL_CONVERSION = YES;
				CLANG_WARN_CONSTANT_CONVERSION = YES;
				CLANG_WARN_DIRECT_OBJC_ISA_USAGE = YES_ERROR;
				CLANG_WARN_DOCUMENTATION_COMMENTS = YES;
				CLANG_WARN_EMPTY_BODY = YES;
				CLANG_WARN_ENUM_CONVERSION = YES;
				CLANG_WARN_INFINITE_RECURSION = YES;
				CLANG_WARN_INT_CONVERSION = YES;
				CLANG_WARN_OBJC_ROOT_CLASS = YES_ERROR;
				CLANG_WARN_SUSPICIOUS_MOVE = YES;
				CLANG_WARN_UNREACHABLE_CODE = YES;
				CLANG_WARN__DUPLICATE_METHOD_MATCH = YES;
				"CODE_SIGN_IDENTITY[sdk=iphoneos*]" = "iPhone Developer";
				COPY_PHASE_STRIP = NO;
				DEBUG_INFORMATION_FORMAT = dwarf;
				ENABLE_STRICT_OBJC_MSGSEND = YES;
				ENABLE_TESTABILITY = YES;
				GCC_C_LANGUAGE_STANDARD = gnu99;
				GCC_DYNAMIC_NO_PIC = NO;
				GCC_NO_COMMON_BLOCKS = YES;
				GCC_OPTIMIZATION_LEVEL = 0;
				GCC_PREPROCESSOR_DEFINITIONS = (
					"DEBUG=1",
					"$(inherited)",
				);
				GCC_WARN_64_TO_32_BIT_CONVERSION = YES;
				GCC_WARN_ABOUT_RETURN_TYPE = YES_ERROR;
				GCC_WARN_UNDECLARED_SELECTOR = YES;
				GCC_WARN_UNINITIALIZED_AUTOS = YES_AGGRESSIVE;
				GCC_WARN_UNUSED_FUNCTION = YES;
				GCC_WARN_UNUSED_VARIABLE = YES;
				IPHONEOS_DEPLOYMENT_TARGET = 10.3;
				MTL_ENABLE_DEBUG_INFO = YES;
				ONLY_ACTIVE_ARCH = YES;
				SDKROOT = iphoneos;
				SWIFT_ACTIVE_COMPILATION_CONDITIONS = DEBUG;
				SWIFT_OPTIMIZATION_LEVEL = "-Onone";
			};
			name = Debug;
		};
		E50F565A1F0BD6E0008B03D4 /* Release */ = {
			isa = XCBuildConfiguration;
			buildSettings = {
				ALWAYS_SEARCH_USER_PATHS = NO;
				CLANG_ANALYZER_NONNULL = YES;
				CLANG_ANALYZER_NUMBER_OBJECT_CONVERSION = YES_AGGRESSIVE;
				CLANG_CXX_LANGUAGE_STANDARD = "gnu++0x";
				CLANG_CXX_LIBRARY = "libc++";
				CLANG_ENABLE_MODULES = YES;
				CLANG_ENABLE_OBJC_ARC = YES;
				CLANG_WARN_BOOL_CONVERSION = YES;
				CLANG_WARN_CONSTANT_CONVERSION = YES;
				CLANG_WARN_DIRECT_OBJC_ISA_USAGE = YES_ERROR;
				CLANG_WARN_DOCUMENTATION_COMMENTS = YES;
				CLANG_WARN_EMPTY_BODY = YES;
				CLANG_WARN_ENUM_CONVERSION = YES;
				CLANG_WARN_INFINITE_RECURSION = YES;
				CLANG_WARN_INT_CONVERSION = YES;
				CLANG_WARN_OBJC_ROOT_CLASS = YES_ERROR;
				CLANG_WARN_SUSPICIOUS_MOVE = YES;
				CLANG_WARN_UNREACHABLE_CODE = YES;
				CLANG_WARN__DUPLICATE_METHOD_MATCH = YES;
				"CODE_SIGN_IDENTITY[sdk=iphoneos*]" = "iPhone Developer";
				COPY_PHASE_STRIP = NO;
				DEBUG_INFORMATION_FORMAT = "dwarf-with-dsym";
				ENABLE_NS_ASSERTIONS = NO;
				ENABLE_STRICT_OBJC_MSGSEND = YES;
				GCC_C_LANGUAGE_STANDARD = gnu99;
				GCC_NO_COMMON_BLOCKS = YES;
				GCC_WARN_64_TO_32_BIT_CONVERSION = YES;
				GCC_WARN_ABOUT_RETURN_TYPE = YES_ERROR;
				GCC_WARN_UNDECLARED_SELECTOR = YES;
				GCC_WARN_UNINITIALIZED_AUTOS = YES_AGGRESSIVE;
				GCC_WARN_UNUSED_FUNCTION = YES;
				GCC_WARN_UNUSED_VARIABLE = YES;
				IPHONEOS_DEPLOYMENT_TARGET = 10.3;
				MTL_ENABLE_DEBUG_INFO = NO;
				SDKROOT = iphoneos;
				SWIFT_OPTIMIZATION_LEVEL = "-Owholemodule";
				VALIDATE_PRODUCT = YES;
			};
			name = Release;
		};
		E50F565C1F0BD6E0008B03D4 /* Debug */ = {
			isa = XCBuildConfiguration;
			buildSettings = {
				ASSETCATALOG_COMPILER_APPICON_NAME = AppIcon;
				DEVELOPMENT_TEAM = EVC7K5F9LC;
				INFOPLIST_FILE = CXAHotDesk/Info.plist;
				IPHONEOS_DEPLOYMENT_TARGET = 10.0;
				LD_RUNPATH_SEARCH_PATHS = "$(inherited) @executable_path/Frameworks";
				PRODUCT_BUNDLE_IDENTIFIER = com.hx.CXAHotDesk;
				PRODUCT_NAME = "$(TARGET_NAME)";
				SWIFT_VERSION = 3.0;
			};
			name = Debug;
		};
		E50F565D1F0BD6E0008B03D4 /* Release */ = {
			isa = XCBuildConfiguration;
			buildSettings = {
				ASSETCATALOG_COMPILER_APPICON_NAME = AppIcon;
				DEVELOPMENT_TEAM = EVC7K5F9LC;
				INFOPLIST_FILE = CXAHotDesk/Info.plist;
				IPHONEOS_DEPLOYMENT_TARGET = 10.0;
				LD_RUNPATH_SEARCH_PATHS = "$(inherited) @executable_path/Frameworks";
				PRODUCT_BUNDLE_IDENTIFIER = com.hx.CXAHotDesk;
				PRODUCT_NAME = "$(TARGET_NAME)";
				SWIFT_VERSION = 3.0;
			};
			name = Release;
		};
/* End XCBuildConfiguration section */

/* Begin XCConfigurationList section */
		E50F56441F0BD6E0008B03D4 /* Build configuration list for PBXProject "CXAHotDesk" */ = {
			isa = XCConfigurationList;
			buildConfigurations = (
				E50F56591F0BD6E0008B03D4 /* Debug */,
				E50F565A1F0BD6E0008B03D4 /* Release */,
			);
			defaultConfigurationIsVisible = 0;
			defaultConfigurationName = Release;
		};
		E50F565B1F0BD6E0008B03D4 /* Build configuration list for PBXNativeTarget "CXAHotDesk" */ = {
			isa = XCConfigurationList;
			buildConfigurations = (
				E50F565C1F0BD6E0008B03D4 /* Debug */,
				E50F565D1F0BD6E0008B03D4 /* Release */,
			);
			defaultConfigurationIsVisible = 0;
			defaultConfigurationName = Release;
		};
/* End XCConfigurationList section */
	};
	rootObject = E50F56411F0BD6E0008B03D4 /* Project object */;
}
